
Microsoft Visual Studio Solution File, Format Version 12.00
# Visual Studio Version 17
VisualStudioVersion = 17.7.34221.43
MinimumVisualStudioVersion = 10.0.40219.1
Project("{FAE04EC0-301F-11D3-BF4B-00C04F79EFBC}") = "EvernoteClone", "EvernoteClone\EvernoteClone.csproj", "{456F181A-2146-4C62-8448-3527464F000E}"
EndProject
Global
	GlobalSection(SolutionConfigurationPlatforms) = preSolution
		Debug|Any CPU = Debug|Any CPU
		Release|Any CPU = Release|Any CPU
	EndGlobalSection
	GlobalSection(ProjectConfigurationPlatforms) = postSolution
		{456F181A-2146-4C62-8448-3527464F000E}.Debug|Any CPU.ActiveCfg = Debug|Any CPU
		{456F181A-2146-4C62-8448-3527464F000E}.Debug|Any CPU.Build.0 = Debug|Any CPU
		{456F181A-2146-4C62-8448-3527464F000E}.Release|Any CPU.ActiveCfg = Release|Any CPU
		{456F181A-2146-4C62-8448-3527464F000E}.Release|Any CPU.Build.0 = Release|Any CPU
	EndGlobalSection
	GlobalSection(SolutionProperties) = preSolution
		HideSolutionNode = FALSE
	EndGlobalSection
	GlobalSection(ExtensibilityGlobals) = postSolution
		SolutionGuid = {42FE455E-54E8-47CB-B877-6A0B83E9BC38}
	EndGlobalSection
EndGlobal
